// !$*UTF8*$!
{
	archiveVersion = 1;
	classes = {
	};
	objectVersion = 77;
	objects = {

/* Begin PBXBuildFile section */
		9AEA2F5783AEC90FE26B220A /* Sparkle in Frameworks */ = {isa = PBXBuildFile; productRef = 09929C96B944959C7FCCA8B4 /* Sparkle */; };
		F79D5CD62EE34E9E0062A21F /* MPVKit-GPL in Frameworks */ = {isa = PBXBuildFile; productRef = F79D5CD52EE34E9E0062A21F /* MPVKit-GPL */; };
/* End PBXBuildFile section */

/* Begin PBXContainerItemProxy section */
		F7D621262EE1E52200C25560 /* PBXContainerItemProxy */ = {
			isa = PBXContainerItemProxy;
			containerPortal = F7D6210E2EE1E52000C25560 /* Project object */;
			proxyType = 1;
			remoteGlobalIDString = F7D621152EE1E52000C25560;
			remoteInfo = flux;
		};
		F7D621302EE1E52200C25560 /* PBXContainerItemProxy */ = {
			isa = PBXContainerItemProxy;
			containerPortal = F7D6210E2EE1E52000C25560 /* Project object */;
			proxyType = 1;
			remoteGlobalIDString = F7D621152EE1E52000C25560;
			remoteInfo = flux;
		};
/* End PBXContainerItemProxy section */

/* Begin PBXFileReference section */
		F7D621162EE1E52000C25560 /* flux.app */ = {isa = PBXFileReference; explicitFileType = wrapper.application; includeInIndex = 0; path = flux.app; sourceTree = BUILT_PRODUCTS_DIR; };
		F7D621252EE1E52200C25560 /* fluxTests.xctest */ = {isa = PBXFileReference; explicitFileType = wrapper.cfbundle; includeInIndex = 0; path = fluxTests.xctest; sourceTree = BUILT_PRODUCTS_DIR; };
		F7D6212F2EE1E52200C25560 /* fluxUITests.xctest */ = {isa = PBXFileReference; explicitFileType = wrapper.cfbundle; includeInIndex = 0; path = fluxUITests.xctest; sourceTree = BUILT_PRODUCTS_DIR; };
/* End PBXFileReference section */

/* Begin PBXFileSystemSynchronizedBuildFileExceptionSet section */
		F7D621A12EE1E52000C25561 /* PBXFileSystemSynchronizedBuildFileExceptionSet */ = {
			isa = PBXFileSystemSynchronizedBuildFileExceptionSet;
			membershipExceptions = (
				Info.plist,
				"MPVKit-Swift",
				implementation_plan.md,
				SecretsExample.txt,
			);
			target = F7D621152EE1E52000C25560 /* flux */;
		};
/* End PBXFileSystemSynchronizedBuildFileExceptionSet section */

/* Begin PBXFileSystemSynchronizedRootGroup section */
		F7D621182EE1E52000C25560 /* flux */ = {
			isa = PBXFileSystemSynchronizedRootGroup;
			exceptions = (
				F7D621A12EE1E52000C25561 /* PBXFileSystemSynchronizedBuildFileExceptionSet */,
			);
			path = flux;
			sourceTree = "<group>";
		};
		F7D621282EE1E52200C25560 /* fluxTests */ = {
			isa = PBXFileSystemSynchronizedRootGroup;
			path = fluxTests;
			sourceTree = "<group>";
		};
		F7D621322EE1E52200C25560 /* fluxUITests */ = {
			isa = PBXFileSystemSynchronizedRootGroup;
			path = fluxUITests;
			sourceTree = "<group>";
		};
/* End PBXFileSystemSynchronizedRootGroup section */

/* Begin PBXFrameworksBuildPhase section */
		F7D621132EE1E52000C25560 /* Frameworks */ = {
			isa = PBXFrameworksBuildPhase;
			buildActionMask = 2147483647;
			files = (
				F79D5CD62EE34E9E0062A21F /* MPVKit-GPL in Frameworks */,
				9AEA2F5783AEC90FE26B220A /* Sparkle in Frameworks */,
			);
			runOnlyForDeploymentPostprocessing = 0;
		};
		F7D621222EE1E52200C25560 /* Frameworks */ = {
			isa = PBXFrameworksBuildPhase;
			buildActionMask = 2147483647;
			files = (
			);
			runOnlyForDeploymentPostprocessing = 0;
		};
		F7D6212C2EE1E52200C25560 /* Frameworks */ = {
			isa = PBXFrameworksBuildPhase;
			buildActionMask = 2147483647;
			files = (
			);
			runOnlyForDeploymentPostprocessing = 0;
		};
/* End PBXFrameworksBuildPhase section */

/* Begin PBXGroup section */
		F7D6210D2EE1E52000C25560 = {
			isa = PBXGroup;
			children = (
				F7D621182EE1E52000C25560 /* flux */,
				F7D621282EE1E52200C25560 /* fluxTests */,
				F7D621322EE1E52200C25560 /* fluxUITests */,
				F7D621172EE1E52000C25560 /* Products */,
			);
			sourceTree = "<group>";
		};
		F7D621172EE1E52000C25560 /* Products */ = {
			isa = PBXGroup;
			children = (
				F7D621162EE1E52000C25560 /* flux.app */,
				F7D621252EE1E52200C25560 /* fluxTests.xctest */,
				F7D6212F2EE1E52200C25560 /* fluxUITests.xctest */,
			);
			name = Products;
			sourceTree = "<group>";
		};
/* End PBXGroup section */

/* Begin PBXNativeTarget section */
		F7D621152EE1E52000C25560 /* flux */ = {
			isa = PBXNativeTarget;
			buildConfigurationList = F7D621392EE1E52200C25560 /* Build configuration list for PBXNativeTarget "flux" */;
			buildPhases = (
				F7D621122EE1E52000C25560 /* Sources */,
				F7D621132EE1E52000C25560 /* Frameworks */,
				F7D621142EE1E52000C25560 /* Resources */,
			);
			buildRules = (
			);
			dependencies = (
			);
			fileSystemSynchronizedGroups = (
				F7D621182EE1E52000C25560 /* flux */,
			);
			name = flux;
			packageProductDependencies = (
				F79D5CD52EE34E9E0062A21F /* MPVKit-GPL */,
				09929C96B944959C7FCCA8B4 /* Sparkle */,
			);
			productName = flux;
			productReference = F7D621162EE1E52000C25560 /* flux.app */;
			productType = "com.apple.product-type.application";
		};
		F7D621242EE1E52200C25560 /* fluxTests */ = {
			isa = PBXNativeTarget;
			buildConfigurationList = F7D6213C2EE1E52200C25560 /* Build configuration list for PBXNativeTarget "fluxTests" */;
			buildPhases = (
				F7D621212EE1E52200C25560 /* Sources */,
				F7D621222EE1E52200C25560 /* Frameworks */,
				F7D621232EE1E52200C25560 /* Resources */,
			);
			buildRules = (
			);
			dependencies = (
				F7D621272EE1E52200C25560 /* PBXTargetDependency */,
			);
			fileSystemSynchronizedGroups = (
				F7D621282EE1E52200C25560 /* fluxTests */,
			);
			name = fluxTests;
			packageProductDependencies = (
			);
			productName = fluxTests;
			productReference = F7D621252EE1E52200C25560 /* fluxTests.xctest */;
			productType = "com.apple.product-type.bundle.unit-test";
		};
		F7D6212E2EE1E52200C25560 /* fluxUITests */ = {
			isa = PBXNativeTarget;
			buildConfigurationList = F7D6213F2EE1E52200C25560 /* Build configuration list for PBXNativeTarget "fluxUITests" */;
			buildPhases = (
				F7D6212B2EE1E52200C25560 /* Sources */,
				F7D6212C2EE1E52200C25560 /* Frameworks */,
				F7D6212D2EE1E52200C25560 /* Resources */,
			);
			buildRules = (
			);
			dependencies = (
				F7D621312EE1E52200C25560 /* PBXTargetDependency */,
			);
			fileSystemSynchronizedGroups = (
				F7D621322EE1E52200C25560 /* fluxUITests */,
			);
			name = fluxUITests;
			packageProductDependencies = (
			);
			productName = fluxUITests;
			productReference = F7D6212F2EE1E52200C25560 /* fluxUITests.xctest */;
			productType = "com.apple.product-type.bundle.ui-testing";
		};
/* End PBXNativeTarget section */

/* Begin PBXProject section */
		F7D6210E2EE1E52000C25560 /* Project object */ = {
			isa = PBXProject;
			attributes = {
				BuildIndependentTargetsInParallel = 1;
				LastSwiftUpdateCheck = 2610;
				LastUpgradeCheck = 2610;
				TargetAttributes = {
					F7D621152EE1E52000C25560 = {
						CreatedOnToolsVersion = 26.1.1;
					};
					F7D621242EE1E52200C25560 = {
						CreatedOnToolsVersion = 26.1.1;
						TestTargetID = F7D621152EE1E52000C25560;
					};
					F7D6212E2EE1E52200C25560 = {
						CreatedOnToolsVersion = 26.1.1;
						TestTargetID = F7D621152EE1E52000C25560;
					};
				};
			};
			buildConfigurationList = F7D621112EE1E52000C25560 /* Build configuration list for PBXProject "flux" */;
			developmentRegion = en;
			hasScannedForEncodings = 0;
			knownRegions = (
				en,
				Base,
			);
			mainGroup = F7D6210D2EE1E52000C25560;
			minimizedProjectReferenceProxies = 1;
			packageReferences = (
				F79D5CD72EE1E52000C25560 /* XCRemoteSwiftPackageReference "MPVKit" */,
				C01905544111CA0C9C8738F4 /* XCRemoteSwiftPackageReference "Sparkle" */,
			);
			preferredProjectObjectVersion = 77;
			productRefGroup = F7D621172EE1E52000C25560 /* Products */;
			projectDirPath = "";
			projectRoot = "";
			targets = (
				F7D621152EE1E52000C25560 /* flux */,
				F7D621242EE1E52200C25560 /* fluxTests */,
				F7D6212E2EE1E52200C25560 /* fluxUITests */,
			);
		};
/* End PBXProject section */

/* Begin PBXResourcesBuildPhase section */
		F7D621142EE1E52000C25560 /* Resources */ = {
			isa = PBXResourcesBuildPhase;
			buildActionMask = 2147483647;
			files = (
			);
			runOnlyForDeploymentPostprocessing = 0;
		};
		F7D621232EE1E52200C25560 /* Resources */ = {
			isa = PBXResourcesBuildPhase;
			buildActionMask = 2147483647;
			files = (
			);
			runOnlyForDeploymentPostprocessing = 0;
		};
		F7D6212D2EE1E52200C25560 /* Resources */ = {
			isa = PBXResourcesBuildPhase;
			buildActionMask = 2147483647;
			files = (
			);
			runOnlyForDeploymentPostprocessing = 0;
		};
/* End PBXResourcesBuildPhase section */

/* Begin PBXSourcesBuildPhase section */
		F7D621122EE1E52000C25560 /* Sources */ = {
			isa = PBXSourcesBuildPhase;
			buildActionMask = 2147483647;
			files = (
			);
			runOnlyForDeploymentPostprocessing = 0;
		};
		F7D621212EE1E52200C25560 /* Sources */ = {
			isa = PBXSourcesBuildPhase;
			buildActionMask = 2147483647;
			files = (
			);
			runOnlyForDeploymentPostprocessing = 0;
		};
		F7D6212B2EE1E52200C25560 /* Sources */ = {
			isa = PBXSourcesBuildPhase;
			buildActionMask = 2147483647;
			files = (
			);
			runOnlyForDeploymentPostprocessing = 0;
		};
/* End PBXSourcesBuildPhase section */

/* Begin PBXTargetDependency section */
		F7D621272EE1E52200C25560 /* PBXTargetDependency */ = {
			isa = PBXTargetDependency;
			target = F7D621152EE1E52000C25560 /* flux */;
			targetProxy = F7D621262EE1E52200C25560 /* PBXContainerItemProxy */;
		};
		F7D621312EE1E52200C25560 /* PBXTargetDependency */ = {
			isa = PBXTargetDependency;
			target = F7D621152EE1E52000C25560 /* flux */;
			targetProxy = F7D621302EE1E52200C25560 /* PBXContainerItemProxy */;
		};
/* End PBXTargetDependency section */

/* Begin XCBuildConfiguration section */
		F7D621372EE1E52200C25560 /* Debug */ = {
			isa = XCBuildConfiguration;
			buildSettings = {
				ALWAYS_SEARCH_USER_PATHS = NO;
				ASSETCATALOG_COMPILER_GENERATE_SWIFT_ASSET_SYMBOL_EXTENSIONS = YES;
				CLANG_ANALYZER_NONNULL = YES;
				CLANG_ANALYZER_NUMBER_OBJECT_CONVERSION = YES_AGGRESSIVE;
				CLANG_CXX_LANGUAGE_STANDARD = "gnu++20";
				CLANG_ENABLE_MODULES = YES;
				CLANG_ENABLE_OBJC_ARC = YES;
				CLANG_ENABLE_OBJC_WEAK = YES;
				CLANG_WARN_BLOCK_CAPTURE_AUTORELEASING = YES;
				CLANG_WARN_BOOL_CONVERSION = YES;
				CLANG_WARN_COMMA = YES;
				CLANG_WARN_CONSTANT_CONVERSION = YES;
				CLANG_WARN_DEPRECATED_OBJC_IMPLEMENTATIONS = YES;
				CLANG_WARN_DIRECT_OBJC_ISA_USAGE = YES_ERROR;
				CLANG_WARN_DOCUMENTATION_COMMENTS = YES;
				CLANG_WARN_EMPTY_BODY = YES;
				CLANG_WARN_ENUM_CONVERSION = YES;
				CLANG_WARN_INFINITE_RECURSION = YES;
				CLANG_WARN_INT_CONVERSION = YES;
				CLANG_WARN_NON_LITERAL_NULL_CONVERSION = YES;
				CLANG_WARN_OBJC_IMPLICIT_RETAIN_SELF = YES;
				CLANG_WARN_OBJC_LITERAL_CONVERSION = YES;
				CLANG_WARN_OBJC_ROOT_CLASS = YES_ERROR;
				CLANG_WARN_QUOTED_INCLUDE_IN_FRAMEWORK_HEADER = YES;
				CLANG_WARN_RANGE_LOOP_ANALYSIS = YES;
				CLANG_WARN_STRICT_PROTOTYPES = YES;
				CLANG_WARN_SUSPICIOUS_MOVE = YES;
				CLANG_WARN_UNGUARDED_AVAILABILITY = YES_AGGRESSIVE;
				CLANG_WARN_UNREACHABLE_CODE = YES;
				CLANG_WARN__DUPLICATE_METHOD_MATCH = YES;
				COPY_PHASE_STRIP = NO;
				DEBUG_INFORMATION_FORMAT = dwarf;
				ENABLE_STRICT_OBJC_MSGSEND = YES;
				ENABLE_TESTABILITY = YES;
				ENABLE_USER_SCRIPT_SANDBOXING = YES;
				GCC_C_LANGUAGE_STANDARD = gnu17;
				GCC_DYNAMIC_NO_PIC = NO;
				GCC_NO_COMMON_BLOCKS = YES;
				GCC_OPTIMIZATION_LEVEL = 0;
				GCC_PREPROCESSOR_DEFINITIONS = (
					"DEBUG=1",
					"$(inherited)",
				);
				GCC_WARN_64_TO_32_BIT_CONVERSION = YES;
				GCC_WARN_ABOUT_RETURN_TYPE = YES_ERROR;
				GCC_WARN_UNDECLARED_SELECTOR = YES;
				GCC_WARN_UNINITIALIZED_AUTOS = YES_AGGRESSIVE;
				GCC_WARN_UNUSED_FUNCTION = YES;
				GCC_WARN_UNUSED_VARIABLE = YES;
				LOCALIZATION_PREFERS_STRING_CATALOGS = YES;
				MACOSX_DEPLOYMENT_TARGET = 26.1;
				MTL_ENABLE_DEBUG_INFO = INCLUDE_SOURCE;
				MTL_FAST_MATH = YES;
				ONLY_ACTIVE_ARCH = YES;
				SDKROOT = macosx;
				SWIFT_ACTIVE_COMPILATION_CONDITIONS = "DEBUG $(inherited)";
				SWIFT_OPTIMIZATION_LEVEL = "-Onone";
			};
			name = Debug;
		};
		F7D621382EE1E52200C25560 /* Release */ = {
			isa = XCBuildConfiguration;
			buildSettings = {
				ALWAYS_SEARCH_USER_PATHS = NO;
				ASSETCATALOG_COMPILER_GENERATE_SWIFT_ASSET_SYMBOL_EXTENSIONS = YES;
				CLANG_ANALYZER_NONNULL = YES;
				CLANG_ANALYZER_NUMBER_OBJECT_CONVERSION = YES_AGGRESSIVE;
				CLANG_CXX_LANGUAGE_STANDARD = "gnu++20";
				CLANG_ENABLE_MODULES = YES;
				CLANG_ENABLE_OBJC_ARC = YES;
				CLANG_ENABLE_OBJC_WEAK = YES;
				CLANG_WARN_BLOCK_CAPTURE_AUTORELEASING = YES;
				CLANG_WARN_BOOL_CONVERSION = YES;
				CLANG_WARN_COMMA = YES;
				CLANG_WARN_CONSTANT_CONVERSION = YES;
				CLANG_WARN_DEPRECATED_OBJC_IMPLEMENTATIONS = YES;
				CLANG_WARN_DIRECT_OBJC_ISA_USAGE = YES_ERROR;
				CLANG_WARN_DOCUMENTATION_COMMENTS = YES;
				CLANG_WARN_EMPTY_BODY = YES;
				CLANG_WARN_ENUM_CONVERSION = YES;
				CLANG_WARN_INFINITE_RECURSION = YES;
				CLANG_WARN_INT_CONVERSION = YES;
				CLANG_WARN_NON_LITERAL_NULL_CONVERSION = YES;
				CLANG_WARN_OBJC_IMPLICIT_RETAIN_SELF = YES;
				CLANG_WARN_OBJC_LITERAL_CONVERSION = YES;
				CLANG_WARN_OBJC_ROOT_CLASS = YES_ERROR;
				CLANG_WARN_QUOTED_INCLUDE_IN_FRAMEWORK_HEADER = YES;
				CLANG_WARN_RANGE_LOOP_ANALYSIS = YES;
				CLANG_WARN_STRICT_PROTOTYPES = YES;
				CLANG_WARN_SUSPICIOUS_MOVE = YES;
				CLANG_WARN_UNGUARDED_AVAILABILITY = YES_AGGRESSIVE;
				CLANG_WARN_UNREACHABLE_CODE = YES;
				CLANG_WARN__DUPLICATE_METHOD_MATCH = YES;
				COPY_PHASE_STRIP = NO;
				DEBUG_INFORMATION_FORMAT = "dwarf-with-dsym";
				ENABLE_NS_ASSERTIONS = NO;
				ENABLE_STRICT_OBJC_MSGSEND = YES;
				ENABLE_USER_SCRIPT_SANDBOXING = YES;
				EXCLUDED_ARCHS = x86_64;
				GCC_C_LANGUAGE_STANDARD = gnu17;
				GCC_NO_COMMON_BLOCKS = YES;
				GCC_WARN_64_TO_32_BIT_CONVERSION = YES;
				GCC_WARN_ABOUT_RETURN_TYPE = YES_ERROR;
				GCC_WARN_UNDECLARED_SELECTOR = YES;
				GCC_WARN_UNINITIALIZED_AUTOS = YES_AGGRESSIVE;
				GCC_WARN_UNUSED_FUNCTION = YES;
				GCC_WARN_UNUSED_VARIABLE = YES;
				LOCALIZATION_PREFERS_STRING_CATALOGS = YES;
				MACOSX_DEPLOYMENT_TARGET = 26.1;
				MTL_ENABLE_DEBUG_INFO = NO;
				MTL_FAST_MATH = YES;
				SDKROOT = macosx;
				SWIFT_COMPILATION_MODE = wholemodule;
			};
			name = Release;
		};
		F7D6213A2EE1E52200C25560 /* Debug */ = {
			isa = XCBuildConfiguration;
			buildSettings = {
				ASSETCATALOG_COMPILER_APPICON_NAME = AppIcon;
				ASSETCATALOG_COMPILER_GLOBAL_ACCENT_COLOR_NAME = AccentColor;
				CODE_SIGN_ENTITLEMENTS = flux/flux.entitlements;
				CODE_SIGN_STYLE = Automatic;
				COMBINE_HIDPI_IMAGES = YES;
				CURRENT_PROJECT_VERSION = 1;
				DEVELOPMENT_TEAM = A6388Z7T5U;
				ENABLE_APP_SANDBOX = NO;
				ENABLE_HARDENED_RUNTIME = YES;
				ENABLE_PREVIEWS = YES;
				FRAMEWORK_SEARCH_PATHS = (
					"$(inherited)",
				);
				GENERATE_INFOPLIST_FILE = YES;
				INFOPLIST_FILE = flux/Info.plist;
				INFOPLIST_KEY_CFBundleDisplayName = "Flux (beta)";
				INFOPLIST_KEY_CFBundleName = "Flux (beta)";
				INFOPLIST_KEY_NSHumanReadableCopyright = "Copyright © 2026 Flux. All rights reserved.";
				LD_RUNPATH_SEARCH_PATHS = (
					"$(inherited)",
					"@executable_path/../Frameworks",
				);
				MARKETING_VERSION = 1.0.0-beta.3;
				OTHER_LDFLAGS = "-Wl,-w";
				PRODUCT_BUNDLE_IDENTIFIER = com.entanglon.flux.beta;
				PRODUCT_NAME = "$(TARGET_NAME)";
				REGISTER_APP_GROUPS = YES;
				STRING_CATALOG_GENERATE_SYMBOLS = YES;
				SWIFT_APPROACHABLE_CONCURRENCY = YES;
				SWIFT_DEFAULT_ACTOR_ISOLATION = MainActor;
				SWIFT_EMIT_LOC_STRINGS = YES;
				SWIFT_UPCOMING_FEATURE_MEMBER_IMPORT_VISIBILITY = YES;
				SWIFT_VERSION = 5.0;
			};
			name = Debug;
		};
		F7D6213B2EE1E52200C25560 /* Release */ = {
			isa = XCBuildConfiguration;
			buildSettings = {
				ASSETCATALOG_COMPILER_APPICON_NAME = AppIcon;
				ASSETCATALOG_COMPILER_GLOBAL_ACCENT_COLOR_NAME = AccentColor;
				CODE_SIGN_ENTITLEMENTS = flux/flux.entitlements;
				CODE_SIGN_STYLE = Automatic;
				COMBINE_HIDPI_IMAGES = YES;
				CURRENT_PROJECT_VERSION = 1;
				DEVELOPMENT_TEAM = A6388Z7T5U;
				ENABLE_APP_SANDBOX = NO;
				ENABLE_HARDENED_RUNTIME = YES;
				ENABLE_PREVIEWS = YES;
				EXCLUDED_ARCHS = x86_64;
				FRAMEWORK_SEARCH_PATHS = (
					"$(inherited)",
				);
				GENERATE_INFOPLIST_FILE = YES;
				INFOPLIST_FILE = flux/Info.plist;
				INFOPLIST_KEY_CFBundleDisplayName = "Flux (beta)";
				INFOPLIST_KEY_CFBundleName = "Flux (beta)";
				INFOPLIST_KEY_LSApplicationCategoryType = "public.app-category.entertainment";
				INFOPLIST_KEY_NSHumanReadableCopyright = "Copyright © 2026 Flux. All rights reserved.";
				LD_RUNPATH_SEARCH_PATHS = (
					"$(inherited)",
					"@executable_path/../Frameworks",
				);
				MARKETING_VERSION = 1.0.0-beta.3;
				OTHER_LDFLAGS = "-Wl,-w";
				PRODUCT_BUNDLE_IDENTIFIER = com.entanglon.flux.beta;
				PRODUCT_NAME = "$(TARGET_NAME)";
				REGISTER_APP_GROUPS = YES;
				STRING_CATALOG_GENERATE_SYMBOLS = YES;
				SWIFT_APPROACHABLE_CONCURRENCY = YES;
				SWIFT_DEFAULT_ACTOR_ISOLATION = MainActor;
				SWIFT_EMIT_LOC_STRINGS = YES;
				SWIFT_UPCOMING_FEATURE_MEMBER_IMPORT_VISIBILITY = YES;
				SWIFT_VERSION = 5.0;
			};
			name = Release;
		};
		F7D6213D2EE1E52200C25560 /* Debug */ = {
			isa = XCBuildConfiguration;
			buildSettings = {
				BUNDLE_LOADER = "$(TEST_HOST)";
				CODE_SIGN_STYLE = Automatic;
				CURRENT_PROJECT_VERSION = 1;
				GENERATE_INFOPLIST_FILE = YES;
				MACOSX_DEPLOYMENT_TARGET = 26.1;
				MARKETING_VERSION = 1.0.0-beta.3;
				PRODUCT_BUNDLE_IDENTIFIER = com.entanglon.fluxTests;
				PRODUCT_NAME = "$(TARGET_NAME)";
				STRING_CATALOG_GENERATE_SYMBOLS = NO;
				SWIFT_APPROACHABLE_CONCURRENCY = YES;
				SWIFT_EMIT_LOC_STRINGS = NO;
				SWIFT_UPCOMING_FEATURE_MEMBER_IMPORT_VISIBILITY = YES;
				SWIFT_VERSION = 5.0;
				TEST_HOST = "$(BUILT_PRODUCTS_DIR)/flux.app/$(BUNDLE_EXECUTABLE_FOLDER_PATH)/flux";
			};
			name = Debug;
		};
		F7D6213E2EE1E52200C25560 /* Release */ = {
			isa = XCBuildConfiguration;
			buildSettings = {
				BUNDLE_LOADER = "$(TEST_HOST)";
				CODE_SIGN_STYLE = Automatic;
				CURRENT_PROJECT_VERSION = 1;
				GENERATE_INFOPLIST_FILE = YES;
				MACOSX_DEPLOYMENT_TARGET = 26.1;
				MARKETING_VERSION = 1.0.0-beta.3;
				PRODUCT_BUNDLE_IDENTIFIER = com.entanglon.fluxTests;
				PRODUCT_NAME = "$(TARGET_NAME)";
				STRING_CATALOG_GENERATE_SYMBOLS = NO;
				SWIFT_APPROACHABLE_CONCURRENCY = YES;
				SWIFT_EMIT_LOC_STRINGS = NO;
				SWIFT_UPCOMING_FEATURE_MEMBER_IMPORT_VISIBILITY = YES;
				SWIFT_VERSION = 5.0;
				TEST_HOST = "$(BUILT_PRODUCTS_DIR)/flux.app/$(BUNDLE_EXECUTABLE_FOLDER_PATH)/flux";
			};
			name = Release;
		};
		F7D621402EE1E52200C25560 /* Debug */ = {
			isa = XCBuildConfiguration;
			buildSettings = {
				CODE_SIGN_STYLE = Automatic;
				CURRENT_PROJECT_VERSION = 1;
				GENERATE_INFOPLIST_FILE = YES;
				MARKETING_VERSION = 1.0.0-beta.3;
				PRODUCT_BUNDLE_IDENTIFIER = com.entanglon.fluxUITests;
				PRODUCT_NAME = "$(TARGET_NAME)";
				STRING_CATALOG_GENERATE_SYMBOLS = NO;
				SWIFT_APPROACHABLE_CONCURRENCY = YES;
				SWIFT_EMIT_LOC_STRINGS = NO;
				SWIFT_UPCOMING_FEATURE_MEMBER_IMPORT_VISIBILITY = YES;
				SWIFT_VERSION = 5.0;
				TEST_TARGET_NAME = flux;
			};
			name = Debug;
		};
		F7D621412EE1E52200C25560 /* Release */ = {
			isa = XCBuildConfiguration;
			buildSettings = {
				CODE_SIGN_STYLE = Automatic;
				CURRENT_PROJECT_VERSION = 1;
				GENERATE_INFOPLIST_FILE = YES;
				MARKETING_VERSION = 1.0.0-beta.3;
				PRODUCT_BUNDLE_IDENTIFIER = com.entanglon.fluxUITests;
				PRODUCT_NAME = "$(TARGET_NAME)";
				STRING_CATALOG_GENERATE_SYMBOLS = NO;
				SWIFT_APPROACHABLE_CONCURRENCY = YES;
				SWIFT_EMIT_LOC_STRINGS = NO;
				SWIFT_UPCOMING_FEATURE_MEMBER_IMPORT_VISIBILITY = YES;
				SWIFT_VERSION = 5.0;
				TEST_TARGET_NAME = flux;
			};
			name = Release;
		};
/* End XCBuildConfiguration section */

/* Begin XCConfigurationList section */
		F7D621112EE1E52000C25560 /* Build configuration list for PBXProject "flux" */ = {
			isa = XCConfigurationList;
			buildConfigurations = (
				F7D621372EE1E52200C25560 /* Debug */,
				F7D621382EE1E52200C25560 /* Release */,
			);
			defaultConfigurationIsVisible = 0;
			defaultConfigurationName = Release;
		};
		F7D621392EE1E52200C25560 /* Build configuration list for PBXNativeTarget "flux" */ = {
			isa = XCConfigurationList;
			buildConfigurations = (
				F7D6213A2EE1E52200C25560 /* Debug */,
				F7D6213B2EE1E52200C25560 /* Release */,
			);
			defaultConfigurationIsVisible = 0;
			defaultConfigurationName = Release;
		};
		F7D6213C2EE1E52200C25560 /* Build configuration list for PBXNativeTarget "fluxTests" */ = {
			isa = XCConfigurationList;
			buildConfigurations = (
				F7D6213D2EE1E52200C25560 /* Debug */,
				F7D6213E2EE1E52200C25560 /* Release */,
			);
			defaultConfigurationIsVisible = 0;
			defaultConfigurationName = Release;
		};
		F7D6213F2EE1E52200C25560 /* Build configuration list for PBXNativeTarget "fluxUITests" */ = {
			isa = XCConfigurationList;
			buildConfigurations = (
				F7D621402EE1E52200C25560 /* Debug */,
				F7D621412EE1E52200C25560 /* Release */,
			);
			defaultConfigurationIsVisible = 0;
			defaultConfigurationName = Release;
		};
/* End XCConfigurationList section */

/* Begin XCRemoteSwiftPackageReference section */
		C01905544111CA0C9C8738F4 /* XCRemoteSwiftPackageReference "Sparkle" */ = {
			isa = XCRemoteSwiftPackageReference;
			repositoryURL = "https://github.com/sparkle-project/Sparkle";
			requirement = {
				kind = upToNextMajorVersion;
				minimumVersion = 2.6.4;
			};
		};
		F79D5CD72EE1E52000C25560 /* XCRemoteSwiftPackageReference "MPVKit" */ = {
			isa = XCRemoteSwiftPackageReference;
			repositoryURL = "https://github.com/mpvkit/MPVKit.git";
			requirement = {
				kind = exactVersion;
				version = 1.0.0;
			};
		};
/* End XCRemoteSwiftPackageReference section */

/* Begin XCSwiftPackageProductDependency section */
		09929C96B944959C7FCCA8B4 /* Sparkle */ = {
			isa = XCSwiftPackageProductDependency;
			package = C01905544111CA0C9C8738F4 /* XCRemoteSwiftPackageReference "Sparkle" */;
			productName = Sparkle;
		};
		F79D5CD52EE34E9E0062A21F /* MPVKit-GPL */ = {
			isa = XCSwiftPackageProductDependency;
			package = F79D5CD72EE1E52000C25560 /* XCRemoteSwiftPackageReference "MPVKit" */;
			productName = "MPVKit-GPL";
		};
/* End XCSwiftPackageProductDependency section */
	};
	rootObject = F7D6210E2EE1E52000C25560 /* Project object */;
}
